
Microsoft Visual Studio Solution File, Format Version 12.00
Project("{FAE04EC0-301F-11D3-BF4B-00C04F79EFBC}") = "SmsMan", "SmsMan\SmsMan.csproj", "{C10FF6C6-A4BE-43E5-A0CB-1D2733FA9142}"
EndProject
Global
	GlobalSection(SolutionConfigurationPlatforms) = preSolution
		Debug|Any CPU = Debug|Any CPU
		Release|Any CPU = Release|Any CPU
	EndGlobalSection
	GlobalSection(ProjectConfigurationPlatforms) = postSolution
		{C10FF6C6-A4BE-43E5-A0CB-1D2733FA9142}.Debug|Any CPU.ActiveCfg = Debug|Any CPU
		{C10FF6C6-A4BE-43E5-A0CB-1D2733FA9142}.Debug|Any CPU.Build.0 = Debug|Any CPU
		{C10FF6C6-A4BE-43E5-A0CB-1D2733FA9142}.Release|Any CPU.ActiveCfg = Release|Any CPU
		{C10FF6C6-A4BE-43E5-A0CB-1D2733FA9142}.Release|Any CPU.Build.0 = Release|Any CPU
	EndGlobalSection
EndGlobal
